// !$*UTF8*$!
{
	archiveVersion = 1;
	classes = {
	};
	objectVersion = 46;
	objects = {

/* Begin PBXBuildFile section */
		841561CE1E8EA34600CB9267 /* AppDelegate.swift in Sources */ = {isa = PBXBuildFile; fileRef = 841561CD1E8EA34600CB9267 /* AppDelegate.swift */; };
		841561D01E8EA34600CB9267 /* ViewController.swift in Sources */ = {isa = PBXBuildFile; fileRef = 841561CF1E8EA34600CB9267 /* ViewController.swift */; };
		841561D31E8EA34600CB9267 /* Main.storyboard in Resources */ = {isa = PBXBuildFile; fileRef = 841561D11E8EA34600CB9267 /* Main.storyboard */; };
		841561D51E8EA34600CB9267 /* Assets.xcassets in Resources */ = {isa = PBXBuildFile; fileRef = 841561D41E8EA34600CB9267 /* Assets.xcassets */; };
		841561D81E8EA34600CB9267 /* LaunchScreen.storyboard in Resources */ = {isa = PBXBuildFile; fileRef = 841561D61E8EA34600CB9267 /* LaunchScreen.storyboard */; };
/* End PBXBuildFile section */

/* Begin PBXFileReference section */
		841561CA1E8EA34600CB9267 /* micrale-pills.app */ = {isa = PBXFileReference; explicitFileType = wrapper.application; includeInIndex = 0; path = "micrale-pills.app"; sourceTree = BUILT_PRODUCTS_DIR; };
		841561CD1E8EA34600CB9267 /* AppDelegate.swift */ = {isa = PBXFileReference; lastKnownFileType = sourcecode.swift; path = AppDelegate.swift; sourceTree = "<group>"; };
		841561CF1E8EA34600CB9267 /* ViewController.swift */ = {isa = PBXFileReference; lastKnownFileType = sourcecode.swift; path = ViewController.swift; sourceTree = "<group>"; };
		841561D21E8EA34600CB9267 /* Base */ = {isa = PBXFileReference; lastKnownFileType = file.storyboard; name = Base; path = Base.lproj/Main.storyboard; sourceTree = "<group>"; };
		841561D41E8EA34600CB9267 /* Assets.xcassets */ = {isa = PBXFileReference; lastKnownFileType = folder.assetcatalog; path = Assets.xcassets; sourceTree = "<group>"; };
		841561D71E8EA34600CB9267 /* Base */ = {isa = PBXFileReference; lastKnownFileType = file.storyboard; name = Base; path = Base.lproj/LaunchScreen.storyboard; sourceTree = "<group>"; };
		841561D91E8EA34600CB9267 /* Info.plist */ = {isa = PBXFileReference; lastKnownFileType = text.plist.xml; path = Info.plist; sourceTree = "<group>"; };
/* End PBXFileReference section */

/* Begin PBXFrameworksBuildPhase section */
		841561C71E8EA34600CB9267 /* Frameworks */ = {
			isa = PBXFrameworksBuildPhase;
			buildActionMask = 2147483647;
			files = (
			);
			runOnlyForDeploymentPostprocessing = 0;
		};
/* End PBXFrameworksBuildPhase section */

/* Begin PBXGroup section */
		841561C11E8EA34600CB9267 = {
			isa = PBXGroup;
			children = (
				841561CC1E8EA34600CB9267 /* micrale-pills */,
				841561CB1E8EA34600CB9267 /* Products */,
			);
			sourceTree = "<group>";
		};
		841561CB1E8EA34600CB9267 /* Products */ = {
			isa = PBXGroup;
			children = (
				841561CA1E8EA34600CB9267 /* micrale-pills.app */,
			);
			name = Products;
			sourceTree = "<group>";
		};
		841561CC1E8EA34600CB9267 /* micrale-pills */ = {
			isa = PBXGroup;
			children = (
				841561CD1E8EA34600CB9267 /* AppDelegate.swift */,
				841561CF1E8EA34600CB9267 /* ViewController.swift */,
				841561D11E8EA34600CB9267 /* Main.storyboard */,
				841561D41E8EA34600CB9267 /* Assets.xcassets */,
				841561D61E8EA34600CB9267 /* LaunchScreen.storyboard */,
				841561D91E8EA34600CB9267 /* Info.plist */,
			);
			path = "micrale-pills";
			sourceTree = "<group>";
		};
/* End PBXGroup section */

/* Begin PBXNativeTarget section */
		841561C91E8EA34600CB9267 /* micrale-pills */ = {
			isa = PBXNativeTarget;
			buildConfigurationList = 841561DC1E8EA34600CB9267 /* Build configuration list for PBXNativeTarget "micrale-pills" */;
			buildPhases = (
				841561C61E8EA34600CB9267 /* Sources */,
				841561C71E8EA34600CB9267 /* Frameworks */,
				841561C81E8EA34600CB9267 /* Resources */,
			);
			buildRules = (
			);
			dependencies = (
			);
			name = "micrale-pills";
			productName = "micrale-pills";
			productReference = 841561CA1E8EA34600CB9267 /* micrale-pills.app */;
			productType = "com.apple.product-type.application";
		};
/* End PBXNativeTarget section */

/* Begin PBXProject section */
		841561C21E8EA34600CB9267 /* Project object */ = {
			isa = PBXProject;
			attributes = {
				LastSwiftUpdateCheck = 0820;
				LastUpgradeCheck = 0820;
				ORGANIZATIONNAME = duongmh3;
				TargetAttributes = {
					841561C91E8EA34600CB9267 = {
						CreatedOnToolsVersion = 8.2.1;
						DevelopmentTeam = N4ZJWBGM3S;
						ProvisioningStyle = Automatic;
					};
				};
			};
			buildConfigurationList = 841561C51E8EA34600CB9267 /* Build configuration list for PBXProject "micrale-pills" */;
			compatibilityVersion = "Xcode 3.2";
			developmentRegion = English;
			hasScannedForEncodings = 0;
			knownRegions = (
				en,
				Base,
			);
			mainGroup = 841561C11E8EA34600CB9267;
			productRefGroup = 841561CB1E8EA34600CB9267 /* Products */;
			projectDirPath = "";
			projectRoot = "";
			targets = (
				841561C91E8EA34600CB9267 /* micrale-pills */,
			);
		};
/* End PBXProject section */

/* Begin PBXResourcesBuildPhase section */
		841561C81E8EA34600CB9267 /* Resources */ = {
			isa = PBXResourcesBuildPhase;
			buildActionMask = 2147483647;
			files = (
				841561D81E8EA34600CB9267 /* LaunchScreen.storyboard in Resources */,
				841561D51E8EA34600CB9267 /* Assets.xcassets in Resources */,
				841561D31E8EA34600CB9267 /* Main.storyboard in Resources */,
			);
			runOnlyForDeploymentPostprocessing = 0;
		};
/* End PBXResourcesBuildPhase section */

/* Begin PBXSourcesBuildPhase section */
		841561C61E8EA34600CB9267 /* Sources */ = {
			isa = PBXSourcesBuildPhase;
			buildActionMask = 2147483647;
			files = (
				841561D01E8EA34600CB9267 /* ViewController.swift in Sources */,
				841561CE1E8EA34600CB9267 /* AppDelegate.swift in Sources */,
			);
			runOnlyForDeploymentPostprocessing = 0;
		};
/* End PBXSourcesBuildPhase section */

/* Begin PBXVariantGroup section */
		841561D11E8EA34600CB9267 /* Main.storyboard */ = {
			isa = PBXVariantGroup;
			children = (
				841561D21E8EA34600CB9267 /* Base */,
			);
			name = Main.storyboard;
			sourceTree = "<group>";
		};
		841561D61E8EA34600CB9267 /* LaunchScreen.storyboard */ = {
			isa = PBXVariantGroup;
			children = (
				841561D71E8EA34600CB9267 /* Base */,
			);
			name = LaunchScreen.storyboard;
			sourceTree = "<group>";
		};
/* End PBXVariantGroup section */

/* Begin XCBuildConfiguration section */
		841561DA1E8EA34600CB9267 /* Debug */ = {
			isa = XCBuildConfiguration;
			buildSettings = {
				ALWAYS_SEARCH_USER_PATHS = NO;
				CLANG_ANALYZER_NONNULL = YES;
				CLANG_CXX_LANGUAGE_STANDARD = "gnu++0x";
				CLANG_CXX_LIBRARY = "libc++";
				CLANG_ENABLE_MODULES = YES;
				CLANG_ENABLE_OBJC_ARC = YES;
				CLANG_WARN_BOOL_CONVERSION = YES;
				CLANG_WARN_CONSTANT_CONVERSION = YES;
				CLANG_WARN_DIRECT_OBJC_ISA_USAGE = YES_ERROR;
				CLANG_WARN_DOCUMENTATION_COMMENTS = YES;
				CLANG_WARN_EMPTY_BODY = YES;
				CLANG_WARN_ENUM_CONVERSION = YES;
				CLANG_WARN_INFINITE_RECURSION = YES;
				CLANG_WARN_INT_CONVERSION = YES;
				CLANG_WARN_OBJC_ROOT_CLASS = YES_ERROR;
				CLANG_WARN_SUSPICIOUS_MOVE = YES;
				CLANG_WARN_UNREACHABLE_CODE = YES;
				CLANG_WARN__DUPLICATE_METHOD_MATCH = YES;
				"CODE_SIGN_IDENTITY[sdk=iphoneos*]" = "iPhone Developer";
				COPY_PHASE_STRIP = NO;
				DEBUG_INFORMATION_FORMAT = dwarf;
				ENABLE_STRICT_OBJC_MSGSEND = YES;
				ENABLE_TESTABILITY = YES;
				GCC_C_LANGUAGE_STANDARD = gnu99;
				GCC_DYNAMIC_NO_PIC = NO;
				GCC_NO_COMMON_BLOCKS = YES;
				GCC_OPTIMIZATION_LEVEL = 0;
				GCC_PREPROCESSOR_DEFINITIONS = (
					"DEBUG=1",
					"$(inherited)",
				);
				GCC_WARN_64_TO_32_BIT_CONVERSION = YES;
				GCC_WARN_ABOUT_RETURN_TYPE = YES_ERROR;
				GCC_WARN_UNDECLARED_SELECTOR = YES;
				GCC_WARN_UNINITIALIZED_AUTOS = YES_AGGRESSIVE;
				GCC_WARN_UNUSED_FUNCTION = YES;
				GCC_WARN_UNUSED_VARIABLE = YES;
				IPHONEOS_DEPLOYMENT_TARGET = 10.2;
				MTL_ENABLE_DEBUG_INFO = YES;
				ONLY_ACTIVE_ARCH = YES;
				SDKROOT = iphoneos;
				SWIFT_ACTIVE_COMPILATION_CONDITIONS = DEBUG;
				SWIFT_OPTIMIZATION_LEVEL = "-Onone";
				TARGETED_DEVICE_FAMILY = "1,2";
			};
			name = Debug;
		};
		841561DB1E8EA34600CB9267 /* Release */ = {
			isa = XCBuildConfiguration;
			buildSettings = {
				ALWAYS_SEARCH_USER_PATHS = NO;
				CLANG_ANALYZER_NONNULL = YES;
				CLANG_CXX_LANGUAGE_STANDARD = "gnu++0x";
				CLANG_CXX_LIBRARY = "libc++";
				CLANG_ENABLE_MODULES = YES;
				CLANG_ENABLE_OBJC_ARC = YES;
				CLANG_WARN_BOOL_CONVERSION = YES;
				CLANG_WARN_CONSTANT_CONVERSION = YES;
				CLANG_WARN_DIRECT_OBJC_ISA_USAGE = YES_ERROR;
				CLANG_WARN_DOCUMENTATION_COMMENTS = YES;
				CLANG_WARN_EMPTY_BODY = YES;
				CLANG_WARN_ENUM_CONVERSION = YES;
				CLANG_WARN_INFINITE_RECURSION = YES;
				CLANG_WARN_INT_CONVERSION = YES;
				CLANG_WARN_OBJC_ROOT_CLASS = YES_ERROR;
				CLANG_WARN_SUSPICIOUS_MOVE = YES;
				CLANG_WARN_UNREACHABLE_CODE = YES;
				CLANG_WARN__DUPLICATE_METHOD_MATCH = YES;
				"CODE_SIGN_IDENTITY[sdk=iphoneos*]" = "iPhone Developer";
				COPY_PHASE_STRIP = NO;
				DEBUG_INFORMATION_FORMAT = "dwarf-with-dsym";
				ENABLE_NS_ASSERTIONS = NO;
				ENABLE_STRICT_OBJC_MSGSEND = YES;
				GCC_C_LANGUAGE_STANDARD = gnu99;
				GCC_NO_COMMON_BLOCKS = YES;
				GCC_WARN_64_TO_32_BIT_CONVERSION = YES;
				GCC_WARN_ABOUT_RETURN_TYPE = YES_ERROR;
				GCC_WARN_UNDECLARED_SELECTOR = YES;
				GCC_WARN_UNINITIALIZED_AUTOS = YES_AGGRESSIVE;
				GCC_WARN_UNUSED_FUNCTION = YES;
				GCC_WARN_UNUSED_VARIABLE = YES;
				IPHONEOS_DEPLOYMENT_TARGET = 10.2;
				MTL_ENABLE_DEBUG_INFO = NO;
				SDKROOT = iphoneos;
				SWIFT_OPTIMIZATION_LEVEL = "-Owholemodule";
				TARGETED_DEVICE_FAMILY = "1,2";
				VALIDATE_PRODUCT = YES;
			};
			name = Release;
		};
		841561DD1E8EA34600CB9267 /* Debug */ = {
			isa = XCBuildConfiguration;
			buildSettings = {
				ASSETCATALOG_COMPILER_APPICON_NAME = AppIcon;
				DEVELOPMENT_TEAM = N4ZJWBGM3S;
				INFOPLIST_FILE = "micrale-pills/Info.plist";
				LD_RUNPATH_SEARCH_PATHS = "$(inherited) @executable_path/Frameworks";
				PRODUCT_BUNDLE_IDENTIFIER = "com.duongmh3.micrale-pills";
				PRODUCT_NAME = "$(TARGET_NAME)";
				SWIFT_VERSION = 3.0;
			};
			name = Debug;
		};
		841561DE1E8EA34600CB9267 /* Release */ = {
			isa = XCBuildConfiguration;
			buildSettings = {
				ASSETCATALOG_COMPILER_APPICON_NAME = AppIcon;
				DEVELOPMENT_TEAM = N4ZJWBGM3S;
				INFOPLIST_FILE = "micrale-pills/Info.plist";
				LD_RUNPATH_SEARCH_PATHS = "$(inherited) @executable_path/Frameworks";
				PRODUCT_BUNDLE_IDENTIFIER = "com.duongmh3.micrale-pills";
				PRODUCT_NAME = "$(TARGET_NAME)";
				SWIFT_VERSION = 3.0;
			};
			name = Release;
		};
/* End XCBuildConfiguration section */

/* Begin XCConfigurationList section */
		841561C51E8EA34600CB9267 /* Build configuration list for PBXProject "micrale-pills" */ = {
			isa = XCConfigurationList;
			buildConfigurations = (
				841561DA1E8EA34600CB9267 /* Debug */,
				841561DB1E8EA34600CB9267 /* Release */,
			);
			defaultConfigurationIsVisible = 0;
			defaultConfigurationName = Release;
		};
		841561DC1E8EA34600CB9267 /* Build configuration list for PBXNativeTarget "micrale-pills" */ = {
			isa = XCConfigurationList;
			buildConfigurations = (
				841561DD1E8EA34600CB9267 /* Debug */,
				841561DE1E8EA34600CB9267 /* Release */,
			);
			defaultConfigurationIsVisible = 0;
			defaultConfigurationName = Release;
		};
/* End XCConfigurationList section */
	};
	rootObject = 841561C21E8EA34600CB9267 /* Project object */;
}
